
Microsoft Visual Studio Solution File, Format Version 12.00
# Visual Studio Version 17
VisualStudioVersion = 17.14.36202.13 d17.14
MinimumVisualStudioVersion = 10.0.40219.1
Project("{FAE04EC0-301F-11D3-BF4B-00C04F79EFBC}") = "ConsoleAddition", "ConsoleAddition.csproj", "{A3C4980F-A14F-4146-8D75-8DC242EFEDBE}"
EndProject
Global
	GlobalSection(SolutionConfigurationPlatforms) = preSolution
		Debug|Any CPU = Debug|Any CPU
		Release|Any CPU = Release|Any CPU
	EndGlobalSection
	GlobalSection(ProjectConfigurationPlatforms) = postSolution
		{A3C4980F-A14F-4146-8D75-8DC242EFEDBE}.Debug|Any CPU.ActiveCfg = Debug|Any CPU
		{A3C4980F-A14F-4146-8D75-8DC242EFEDBE}.Debug|Any CPU.Build.0 = Debug|Any CPU
		{A3C4980F-A14F-4146-8D75-8DC242EFEDBE}.Release|Any CPU.ActiveCfg = Release|Any CPU
		{A3C4980F-A14F-4146-8D75-8DC242EFEDBE}.Release|Any CPU.Build.0 = Release|Any CPU
	EndGlobalSection
	GlobalSection(SolutionProperties) = preSolution
		HideSolutionNode = FALSE
	EndGlobalSection
	GlobalSection(ExtensibilityGlobals) = postSolution
		SolutionGuid = {D2F46B92-FE2B-4E0C-AA54-550E444D1B67}
	EndGlobalSection
EndGlobal
